<Solution>
  <Project Path="CargoFlow.Api.Tests/CargoFlow.Api.Tests.csproj" />
  <Project Path="CargoFlow.Api/CargoFlow.Api.csproj" />
  <Project Path="CargoFlow.Desktop/CargoFlow.Desktop.csproj" />
  <Project Path="CargoFlow.DevTools/CargoFlow.DevTools.csproj" />
  <Project Path="CargoFlow.Tests/CargoFlow.Tests.csproj" />
  <Project Path="CargoFlow/CargoFlow.csproj" />
</Solution>
